
Microsoft Visual Studio Solution File, Format Version 11.00
# Visual Studio 2010
Project("{FAE04EC0-301F-11D3-BF4B-00C04F79EFBC}") = "Pizzaria", "Pizzaria\Pizzaria.csproj", "{158EA77D-598C-4C4B-AC64-5953954F08B6}"
EndProject
Project("{FAE04EC0-301F-11D3-BF4B-00C04F79EFBC}") = "Pizzaria.Dominio", "Pizzaria.Dominio\Pizzaria.Dominio.csproj", "{09D86280-A178-4F55-BE93-D9EEFD7888F3}"
EndProject
Project("{FAE04EC0-301F-11D3-BF4B-00C04F79EFBC}") = "Pizzaria.NHibernate", "Pizzaria.NHibernate\Pizzaria.NHibernate.csproj", "{29D45F95-6946-4368-B063-7F520C8AA9F5}"
EndProject
Global
	GlobalSection(SolutionConfigurationPlatforms) = preSolution
		Debug|Any CPU = Debug|Any CPU
		Release|Any CPU = Release|Any CPU
	EndGlobalSection
	GlobalSection(ProjectConfigurationPlatforms) = postSolution
		{158EA77D-598C-4C4B-AC64-5953954F08B6}.Debug|Any CPU.ActiveCfg = Debug|Any CPU
		{158EA77D-598C-4C4B-AC64-5953954F08B6}.Debug|Any CPU.Build.0 = Debug|Any CPU
		{158EA77D-598C-4C4B-AC64-5953954F08B6}.Release|Any CPU.ActiveCfg = Release|Any CPU
		{158EA77D-598C-4C4B-AC64-5953954F08B6}.Release|Any CPU.Build.0 = Release|Any CPU
		{09D86280-A178-4F55-BE93-D9EEFD7888F3}.Debug|Any CPU.ActiveCfg = Debug|Any CPU
		{09D86280-A178-4F55-BE93-D9EEFD7888F3}.Debug|Any CPU.Build.0 = Debug|Any CPU
		{09D86280-A178-4F55-BE93-D9EEFD7888F3}.Release|Any CPU.ActiveCfg = Release|Any CPU
		{09D86280-A178-4F55-BE93-D9EEFD7888F3}.Release|Any CPU.Build.0 = Release|Any CPU
		{29D45F95-6946-4368-B063-7F520C8AA9F5}.Debug|Any CPU.ActiveCfg = Debug|Any CPU
		{29D45F95-6946-4368-B063-7F520C8AA9F5}.Debug|Any CPU.Build.0 = Debug|Any CPU
		{29D45F95-6946-4368-B063-7F520C8AA9F5}.Release|Any CPU.ActiveCfg = Release|Any CPU
		{29D45F95-6946-4368-B063-7F520C8AA9F5}.Release|Any CPU.Build.0 = Release|Any CPU
	EndGlobalSection
	GlobalSection(SolutionProperties) = preSolution
		HideSolutionNode = FALSE
	EndGlobalSection
EndGlobal
